
Microsoft Visual Studio Solution File, Format Version 12.00
# Visual Studio 15
VisualStudioVersion = 15.0.27130.2020
MinimumVisualStudioVersion = 10.0.40219.1
Project("{8BC9CEB8-8B4A-11D0-8D11-00A0C91BC942}") = "ogre-helloworld.vs", "ogre-helloworld.vs\ogre-helloworld.vs.vcxproj", "{AEAB1F8E-BB2B-4771-83A3-D8A9ECAEC93A}"
EndProject
Global
	GlobalSection(SolutionConfigurationPlatforms) = preSolution
		Debug|x64 = Debug|x64
		Debug|x86 = Debug|x86
		Release|x64 = Release|x64
		Release|x86 = Release|x86
	EndGlobalSection
	GlobalSection(ProjectConfigurationPlatforms) = postSolution
		{AEAB1F8E-BB2B-4771-83A3-D8A9ECAEC93A}.Debug|x64.ActiveCfg = Debug|x64
		{AEAB1F8E-BB2B-4771-83A3-D8A9ECAEC93A}.Debug|x64.Build.0 = Debug|x64
		{AEAB1F8E-BB2B-4771-83A3-D8A9ECAEC93A}.Debug|x86.ActiveCfg = Debug|Win32
		{AEAB1F8E-BB2B-4771-83A3-D8A9ECAEC93A}.Debug|x86.Build.0 = Debug|Win32
		{AEAB1F8E-BB2B-4771-83A3-D8A9ECAEC93A}.Release|x64.ActiveCfg = Release|x64
		{AEAB1F8E-BB2B-4771-83A3-D8A9ECAEC93A}.Release|x64.Build.0 = Release|x64
		{AEAB1F8E-BB2B-4771-83A3-D8A9ECAEC93A}.Release|x86.ActiveCfg = Release|Win32
		{AEAB1F8E-BB2B-4771-83A3-D8A9ECAEC93A}.Release|x86.Build.0 = Release|Win32
	EndGlobalSection
	GlobalSection(SolutionProperties) = preSolution
		HideSolutionNode = FALSE
	EndGlobalSection
	GlobalSection(ExtensibilityGlobals) = postSolution
		SolutionGuid = {BAC5DC6F-77E1-4A95-B7CA-0F17E5292640}
	EndGlobalSection
EndGlobal
