// !$*UTF8*$!
{
	archiveVersion = 1;
	classes = {
	};
	objectVersion = 48;
	objects = {

/* Begin PBXBuildFile section */
		931411AD1FFA6DCB000B6F17 /* AppDelegate.m in Sources */ = {isa = PBXBuildFile; fileRef = 931411AC1FFA6DCB000B6F17 /* AppDelegate.m */; };
		931411B51FFA6DCB000B6F17 /* Assets.xcassets in Resources */ = {isa = PBXBuildFile; fileRef = 931411B41FFA6DCB000B6F17 /* Assets.xcassets */; };
		931411BB1FFA6DCB000B6F17 /* main.m in Sources */ = {isa = PBXBuildFile; fileRef = 931411BA1FFA6DCB000B6F17 /* main.m */; };
		931411C51FFA6E2F000B6F17 /* OgreView.mm in Sources */ = {isa = PBXBuildFile; fileRef = 931411C11FFA6E2F000B6F17 /* OgreView.mm */; };
		931411C61FFA6E2F000B6F17 /* OgreApplication.cpp in Sources */ = {isa = PBXBuildFile; fileRef = 931411C31FFA6E2F000B6F17 /* OgreApplication.cpp */; };
		931411CF1FFA6F3A000B6F17 /* ViewController.mm in Sources */ = {isa = PBXBuildFile; fileRef = 931411CE1FFA6F3A000B6F17 /* ViewController.mm */; };
		931411D31FFA6FF8000B6F17 /* README.md in Resources */ = {isa = PBXBuildFile; fileRef = 931411D21FFA6FF8000B6F17 /* README.md */; };
		931411E21FFB53B5000B6F17 /* libOgreGLSupportStatic.a in Frameworks */ = {isa = PBXBuildFile; fileRef = 931411DF1FFB53B5000B6F17 /* libOgreGLSupportStatic.a */; };
		931411E31FFB53B5000B6F17 /* libOgreMainStatic.a in Frameworks */ = {isa = PBXBuildFile; fileRef = 931411E01FFB53B5000B6F17 /* libOgreMainStatic.a */; };
		931411E71FFB5447000B6F17 /* libzzip.a in Frameworks */ = {isa = PBXBuildFile; fileRef = 931411E51FFB5447000B6F17 /* libzzip.a */; };
		931411E81FFB5447000B6F17 /* libfreetyped.a in Frameworks */ = {isa = PBXBuildFile; fileRef = 931411E61FFB5447000B6F17 /* libfreetyped.a */; };
		931411EA1FFB5C65000B6F17 /* libz.1.2.11.tbd in Frameworks */ = {isa = PBXBuildFile; fileRef = 931411E91FFB5C65000B6F17 /* libz.1.2.11.tbd */; };
		931411EB1FFB637C000B6F17 /* libRenderSystem_GLES2Static.a in Frameworks */ = {isa = PBXBuildFile; fileRef = 931411E11FFB53B5000B6F17 /* libRenderSystem_GLES2Static.a */; };
		931411F61FFC4A62000B6F17 /* ogre.cfg in Resources */ = {isa = PBXBuildFile; fileRef = 931411D71FFA703D000B6F17 /* ogre.cfg */; };
		931411F71FFC4A62000B6F17 /* resources.cfg in Resources */ = {isa = PBXBuildFile; fileRef = 931411D51FFA703D000B6F17 /* resources.cfg */; };
		931411FC1FFF5E45000B6F17 /* media in Resources */ = {isa = PBXBuildFile; fileRef = 931411D81FFA703D000B6F17 /* media */; };
		93E1434D2006CC930077E1DA /* OgreBitesStatic in Frameworks */ = {isa = PBXBuildFile; fileRef = 93E1434C2006CC930077E1DA /* OgreBitesStatic */; };
		93E1434F2006CCB90077E1DA /* OgreRTShaderSystemStatic in Frameworks */ = {isa = PBXBuildFile; fileRef = 93E1434E2006CCB90077E1DA /* OgreRTShaderSystemStatic */; };
		93E143512006CCD30077E1DA /* OgreOverlayStatic in Frameworks */ = {isa = PBXBuildFile; fileRef = 93E143502006CCD20077E1DA /* OgreOverlayStatic */; };
		93E143532006CCEE0077E1DA /* Plugin_OctreeSceneManagerStatic in Frameworks */ = {isa = PBXBuildFile; fileRef = 93E143522006CCEE0077E1DA /* Plugin_OctreeSceneManagerStatic */; };
		93E143552006CCFB0077E1DA /* Plugin_BSPSceneManagerStatic in Frameworks */ = {isa = PBXBuildFile; fileRef = 93E143542006CCFB0077E1DA /* Plugin_BSPSceneManagerStatic */; };
		93E143572006CD0D0077E1DA /* Plugin_ParticleFXStatic in Frameworks */ = {isa = PBXBuildFile; fileRef = 93E143562006CD0D0077E1DA /* Plugin_ParticleFXStatic */; };
/* End PBXBuildFile section */

/* Begin PBXFileReference section */
		931411A81FFA6DCB000B6F17 /* ogre-ios-helloworld.app */ = {isa = PBXFileReference; explicitFileType = wrapper.application; includeInIndex = 0; path = "ogre-ios-helloworld.app"; sourceTree = BUILT_PRODUCTS_DIR; };
		931411AB1FFA6DCB000B6F17 /* AppDelegate.h */ = {isa = PBXFileReference; lastKnownFileType = sourcecode.c.h; path = AppDelegate.h; sourceTree = "<group>"; };
		931411AC1FFA6DCB000B6F17 /* AppDelegate.m */ = {isa = PBXFileReference; lastKnownFileType = sourcecode.c.objc; path = AppDelegate.m; sourceTree = "<group>"; };
		931411AE1FFA6DCB000B6F17 /* ViewController.h */ = {isa = PBXFileReference; lastKnownFileType = sourcecode.c.h; path = ViewController.h; sourceTree = "<group>"; };
		931411B41FFA6DCB000B6F17 /* Assets.xcassets */ = {isa = PBXFileReference; lastKnownFileType = folder.assetcatalog; path = Assets.xcassets; sourceTree = "<group>"; };
		931411B91FFA6DCB000B6F17 /* Info.plist */ = {isa = PBXFileReference; lastKnownFileType = text.plist.xml; path = Info.plist; sourceTree = "<group>"; };
		931411BA1FFA6DCB000B6F17 /* main.m */ = {isa = PBXFileReference; lastKnownFileType = sourcecode.c.objc; path = main.m; sourceTree = "<group>"; };
		931411C11FFA6E2F000B6F17 /* OgreView.mm */ = {isa = PBXFileReference; fileEncoding = 4; lastKnownFileType = sourcecode.cpp.objcpp; path = OgreView.mm; sourceTree = "<group>"; };
		931411C21FFA6E2F000B6F17 /* OgreApplication.h */ = {isa = PBXFileReference; fileEncoding = 4; lastKnownFileType = sourcecode.c.h; path = OgreApplication.h; sourceTree = "<group>"; };
		931411C31FFA6E2F000B6F17 /* OgreApplication.cpp */ = {isa = PBXFileReference; fileEncoding = 4; lastKnownFileType = sourcecode.cpp.cpp; path = OgreApplication.cpp; sourceTree = "<group>"; };
		931411C41FFA6E2F000B6F17 /* OgreView.h */ = {isa = PBXFileReference; fileEncoding = 4; lastKnownFileType = sourcecode.c.h; path = OgreView.h; sourceTree = "<group>"; };
		931411CE1FFA6F3A000B6F17 /* ViewController.mm */ = {isa = PBXFileReference; fileEncoding = 4; lastKnownFileType = sourcecode.cpp.objcpp; path = ViewController.mm; sourceTree = "<group>"; };
		931411D21FFA6FF8000B6F17 /* README.md */ = {isa = PBXFileReference; fileEncoding = 4; lastKnownFileType = net.daringfireball.markdown; path = README.md; sourceTree = SOURCE_ROOT; };
		931411D51FFA703D000B6F17 /* resources.cfg */ = {isa = PBXFileReference; fileEncoding = 4; lastKnownFileType = text; name = resources.cfg; path = "ogre-ios-helloworld/resources/resources.cfg"; sourceTree = SOURCE_ROOT; };
		931411D61FFA703D000B6F17 /* plugins.cfg */ = {isa = PBXFileReference; fileEncoding = 4; lastKnownFileType = text; name = plugins.cfg; path = "ogre-ios-helloworld/resources/plugins.cfg"; sourceTree = SOURCE_ROOT; };
		931411D71FFA703D000B6F17 /* ogre.cfg */ = {isa = PBXFileReference; fileEncoding = 4; lastKnownFileType = text; name = ogre.cfg; path = "ogre-ios-helloworld/resources/ogre.cfg"; sourceTree = SOURCE_ROOT; };
		931411D81FFA703D000B6F17 /* media */ = {isa = PBXFileReference; lastKnownFileType = folder; name = media; path = "ogre-ios-helloworld/resources/media"; sourceTree = SOURCE_ROOT; };
		931411DD1FFA7259000B6F17 /* LICENSE */ = {isa = PBXFileReference; fileEncoding = 4; lastKnownFileType = text; name = LICENSE; path = "ogre-ios-helloworld/LICENSE"; sourceTree = SOURCE_ROOT; };
		931411DF1FFB53B5000B6F17 /* libOgreGLSupportStatic.a */ = {isa = PBXFileReference; lastKnownFileType = archive.ar; name = libOgreGLSupportStatic.a; path = "../../ogre/ogre-1.10.11/lib/iphonesimulator/Debug/libOgreGLSupportStatic.a"; sourceTree = "<group>"; };
		931411E01FFB53B5000B6F17 /* libOgreMainStatic.a */ = {isa = PBXFileReference; lastKnownFileType = archive.ar; name = libOgreMainStatic.a; path = "../../ogre/ogre-1.10.11/lib/iphonesimulator/Debug/libOgreMainStatic.a"; sourceTree = "<group>"; };
		931411E11FFB53B5000B6F17 /* libRenderSystem_GLES2Static.a */ = {isa = PBXFileReference; lastKnownFileType = archive.ar; name = libRenderSystem_GLES2Static.a; path = "../../ogre/ogre-1.10.11/lib/iphonesimulator/Debug/libRenderSystem_GLES2Static.a"; sourceTree = "<group>"; };
		931411E51FFB5447000B6F17 /* libzzip.a */ = {isa = PBXFileReference; lastKnownFileType = archive.ar; name = libzzip.a; path = "../../ogre/ogre-1.10.11/ogredeps/lib/libzzip.a"; sourceTree = "<group>"; };
		931411E61FFB5447000B6F17 /* libfreetyped.a */ = {isa = PBXFileReference; lastKnownFileType = archive.ar; name = libfreetyped.a; path = "../../ogre/ogre-1.10.11/ogredeps/lib/libfreetyped.a"; sourceTree = "<group>"; };
		931411E91FFB5C65000B6F17 /* libz.1.2.11.tbd */ = {isa = PBXFileReference; lastKnownFileType = "sourcecode.text-based-dylib-definition"; name = libz.1.2.11.tbd; path = usr/lib/libz.1.2.11.tbd; sourceTree = SDKROOT; };
		931411EC1FFB64C7000B6F17 /* OgreBitesStatic.framework */ = {isa = PBXFileReference; lastKnownFileType = wrapper.framework; name = OgreBitesStatic.framework; path = "../../ogre/ogre-1.10.11/lib/iphonesimulator/Debug/OgreBitesStatic.framework"; sourceTree = "<group>"; };
		931411EE1FFB6709000B6F17 /* OgreBitesStatic */ = {isa = PBXFileReference; lastKnownFileType = archive.ar; name = OgreBitesStatic; path = "../../ogre/ogre-1.10.11/lib/iphonesimulator/Debug/OgreBitesStatic.framework/OgreBitesStatic"; sourceTree = "<group>"; };
		931411F01FFB6886000B6F17 /* Plugin_BSPSceneManagerStatic */ = {isa = PBXFileReference; lastKnownFileType = archive.ar; name = Plugin_BSPSceneManagerStatic; path = "../../ogre/ogre-1.10.11/lib/iphonesimulator/Debug/Plugin_BSPSceneManagerStatic.framework/Plugin_BSPSceneManagerStatic"; sourceTree = "<group>"; };
		931411F21FFB68AE000B6F17 /* Plugin_ParticleFXStatic */ = {isa = PBXFileReference; lastKnownFileType = archive.ar; name = Plugin_ParticleFXStatic; path = "../../ogre/ogre-1.10.11/lib/iphonesimulator/Debug/Plugin_ParticleFXStatic.framework/Plugin_ParticleFXStatic"; sourceTree = "<group>"; };
		931411F41FFB68CD000B6F17 /* Plugin_OctreeSceneManagerStatic */ = {isa = PBXFileReference; lastKnownFileType = archive.ar; name = Plugin_OctreeSceneManagerStatic; path = "../../ogre/ogre-1.10.11/lib/iphonesimulator/Debug/Plugin_OctreeSceneManagerStatic.framework/Plugin_OctreeSceneManagerStatic"; sourceTree = "<group>"; };
		931411FA1FFF5D89000B6F17 /* OgreRTShaderSystemStatic */ = {isa = PBXFileReference; lastKnownFileType = archive.ar; name = OgreRTShaderSystemStatic; path = "../../ogre/ogre-1.10.11/lib/iphonesimulator/Debug/OgreRTShaderSystemStatic.framework/OgreRTShaderSystemStatic"; sourceTree = "<group>"; };
		931411FD20002951000B6F17 /* OgreOverlayStatic */ = {isa = PBXFileReference; lastKnownFileType = archive.ar; name = OgreOverlayStatic; path = "../../ogre/ogre-1.10.11/lib/iphonesimulator/Debug/OgreOverlayStatic.framework/OgreOverlayStatic"; sourceTree = "<group>"; };
		93E1434A2006CC7E0077E1DA /* OgreBitesStatic */ = {isa = PBXFileReference; lastKnownFileType = archive.ar; name = OgreBitesStatic; path = "../ogre/ogre-1.10.11/lib/iphoneos/Debug/OgreBitesStatic.framework/OgreBitesStatic"; sourceTree = "<group>"; };
		93E1434C2006CC930077E1DA /* OgreBitesStatic */ = {isa = PBXFileReference; lastKnownFileType = archive.ar; name = OgreBitesStatic; path = "../ogre/ogre-1.10.11/lib/iphonesimulator/Debug/OgreBitesStatic.framework/OgreBitesStatic"; sourceTree = "<group>"; };
		93E1434E2006CCB90077E1DA /* OgreRTShaderSystemStatic */ = {isa = PBXFileReference; lastKnownFileType = archive.ar; name = OgreRTShaderSystemStatic; path = "../ogre/ogre-1.10.11/lib/iphonesimulator/Debug/OgreRTShaderSystemStatic.framework/OgreRTShaderSystemStatic"; sourceTree = "<group>"; };
		93E143502006CCD20077E1DA /* OgreOverlayStatic */ = {isa = PBXFileReference; lastKnownFileType = archive.ar; name = OgreOverlayStatic; path = "../ogre/ogre-1.10.11/lib/iphonesimulator/Debug/OgreOverlayStatic.framework/OgreOverlayStatic"; sourceTree = "<group>"; };
		93E143522006CCEE0077E1DA /* Plugin_OctreeSceneManagerStatic */ = {isa = PBXFileReference; lastKnownFileType = archive.ar; name = Plugin_OctreeSceneManagerStatic; path = "../ogre/ogre-1.10.11/lib/iphonesimulator/Debug/Plugin_OctreeSceneManagerStatic.framework/Plugin_OctreeSceneManagerStatic"; sourceTree = "<group>"; };
		93E143542006CCFB0077E1DA /* Plugin_BSPSceneManagerStatic */ = {isa = PBXFileReference; lastKnownFileType = archive.ar; name = Plugin_BSPSceneManagerStatic; path = "../ogre/ogre-1.10.11/lib/iphonesimulator/Debug/Plugin_BSPSceneManagerStatic.framework/Plugin_BSPSceneManagerStatic"; sourceTree = "<group>"; };
		93E143562006CD0D0077E1DA /* Plugin_ParticleFXStatic */ = {isa = PBXFileReference; lastKnownFileType = archive.ar; name = Plugin_ParticleFXStatic; path = "../ogre/ogre-1.10.11/lib/iphonesimulator/Debug/Plugin_ParticleFXStatic.framework/Plugin_ParticleFXStatic"; sourceTree = "<group>"; };
/* End PBXFileReference section */

/* Begin PBXFrameworksBuildPhase section */
		931411A51FFA6DCB000B6F17 /* Frameworks */ = {
			isa = PBXFrameworksBuildPhase;
			buildActionMask = 2147483647;
			files = (
				93E143572006CD0D0077E1DA /* Plugin_ParticleFXStatic in Frameworks */,
				93E143552006CCFB0077E1DA /* Plugin_BSPSceneManagerStatic in Frameworks */,
				93E143532006CCEE0077E1DA /* Plugin_OctreeSceneManagerStatic in Frameworks */,
				93E143512006CCD30077E1DA /* OgreOverlayStatic in Frameworks */,
				93E1434F2006CCB90077E1DA /* OgreRTShaderSystemStatic in Frameworks */,
				93E1434D2006CC930077E1DA /* OgreBitesStatic in Frameworks */,
				931411EB1FFB637C000B6F17 /* libRenderSystem_GLES2Static.a in Frameworks */,
				931411EA1FFB5C65000B6F17 /* libz.1.2.11.tbd in Frameworks */,
				931411E71FFB5447000B6F17 /* libzzip.a in Frameworks */,
				931411E81FFB5447000B6F17 /* libfreetyped.a in Frameworks */,
				931411E21FFB53B5000B6F17 /* libOgreGLSupportStatic.a in Frameworks */,
				931411E31FFB53B5000B6F17 /* libOgreMainStatic.a in Frameworks */,
			);
			runOnlyForDeploymentPostprocessing = 0;
		};
/* End PBXFrameworksBuildPhase section */

/* Begin PBXGroup section */
		9314119F1FFA6DCB000B6F17 = {
			isa = PBXGroup;
			children = (
				931411AA1FFA6DCB000B6F17 /* ogre-ios-helloworld */,
				931411A91FFA6DCB000B6F17 /* Products */,
				931411C71FFA6EBC000B6F17 /* Frameworks */,
			);
			sourceTree = "<group>";
		};
		931411A91FFA6DCB000B6F17 /* Products */ = {
			isa = PBXGroup;
			children = (
				931411A81FFA6DCB000B6F17 /* ogre-ios-helloworld.app */,
			);
			name = Products;
			sourceTree = "<group>";
		};
		931411AA1FFA6DCB000B6F17 /* ogre-ios-helloworld */ = {
			isa = PBXGroup;
			children = (
				931411DD1FFA7259000B6F17 /* LICENSE */,
				931411D21FFA6FF8000B6F17 /* README.md */,
				931411D41FFA701E000B6F17 /* resources */,
				931411AE1FFA6DCB000B6F17 /* ViewController.h */,
				931411CE1FFA6F3A000B6F17 /* ViewController.mm */,
				931411C31FFA6E2F000B6F17 /* OgreApplication.cpp */,
				931411C21FFA6E2F000B6F17 /* OgreApplication.h */,
				931411C41FFA6E2F000B6F17 /* OgreView.h */,
				931411C11FFA6E2F000B6F17 /* OgreView.mm */,
				931411AB1FFA6DCB000B6F17 /* AppDelegate.h */,
				931411AC1FFA6DCB000B6F17 /* AppDelegate.m */,
				931411B41FFA6DCB000B6F17 /* Assets.xcassets */,
				931411B91FFA6DCB000B6F17 /* Info.plist */,
				931411BA1FFA6DCB000B6F17 /* main.m */,
			);
			path = "ogre-ios-helloworld";
			sourceTree = "<group>";
		};
		931411C71FFA6EBC000B6F17 /* Frameworks */ = {
			isa = PBXGroup;
			children = (
				93E143562006CD0D0077E1DA /* Plugin_ParticleFXStatic */,
				93E143542006CCFB0077E1DA /* Plugin_BSPSceneManagerStatic */,
				93E143522006CCEE0077E1DA /* Plugin_OctreeSceneManagerStatic */,
				93E143502006CCD20077E1DA /* OgreOverlayStatic */,
				93E1434E2006CCB90077E1DA /* OgreRTShaderSystemStatic */,
				93E1434A2006CC7E0077E1DA /* OgreBitesStatic */,
				93E1434C2006CC930077E1DA /* OgreBitesStatic */,
				931411FD20002951000B6F17 /* OgreOverlayStatic */,
				931411FA1FFF5D89000B6F17 /* OgreRTShaderSystemStatic */,
				931411F41FFB68CD000B6F17 /* Plugin_OctreeSceneManagerStatic */,
				931411F21FFB68AE000B6F17 /* Plugin_ParticleFXStatic */,
				931411F01FFB6886000B6F17 /* Plugin_BSPSceneManagerStatic */,
				931411EE1FFB6709000B6F17 /* OgreBitesStatic */,
				931411EC1FFB64C7000B6F17 /* OgreBitesStatic.framework */,
				931411E91FFB5C65000B6F17 /* libz.1.2.11.tbd */,
				931411E61FFB5447000B6F17 /* libfreetyped.a */,
				931411E51FFB5447000B6F17 /* libzzip.a */,
				931411DF1FFB53B5000B6F17 /* libOgreGLSupportStatic.a */,
				931411E01FFB53B5000B6F17 /* libOgreMainStatic.a */,
				931411E11FFB53B5000B6F17 /* libRenderSystem_GLES2Static.a */,
			);
			name = Frameworks;
			sourceTree = "<group>";
		};
		931411D41FFA701E000B6F17 /* resources */ = {
			isa = PBXGroup;
			children = (
				931411D81FFA703D000B6F17 /* media */,
				931411D71FFA703D000B6F17 /* ogre.cfg */,
				931411D61FFA703D000B6F17 /* plugins.cfg */,
				931411D51FFA703D000B6F17 /* resources.cfg */,
			);
			name = resources;
			path = "New Group";
			sourceTree = "<group>";
		};
/* End PBXGroup section */

/* Begin PBXNativeTarget section */
		931411A71FFA6DCB000B6F17 /* ogre-ios-helloworld */ = {
			isa = PBXNativeTarget;
			buildConfigurationList = 931411BE1FFA6DCB000B6F17 /* Build configuration list for PBXNativeTarget "ogre-ios-helloworld" */;
			buildPhases = (
				931411A41FFA6DCB000B6F17 /* Sources */,
				931411A51FFA6DCB000B6F17 /* Frameworks */,
				931411A61FFA6DCB000B6F17 /* Resources */,
			);
			buildRules = (
			);
			dependencies = (
			);
			name = "ogre-ios-helloworld";
			productName = "ogre-ios-helloworld";
			productReference = 931411A81FFA6DCB000B6F17 /* ogre-ios-helloworld.app */;
			productType = "com.apple.product-type.application";
		};
/* End PBXNativeTarget section */

/* Begin PBXProject section */
		931411A01FFA6DCB000B6F17 /* Project object */ = {
			isa = PBXProject;
			attributes = {
				LastUpgradeCheck = 0920;
				ORGANIZATIONNAME = aphcoder;
				TargetAttributes = {
					931411A71FFA6DCB000B6F17 = {
						CreatedOnToolsVersion = 9.2;
						ProvisioningStyle = Automatic;
					};
				};
			};
			buildConfigurationList = 931411A31FFA6DCB000B6F17 /* Build configuration list for PBXProject "ogre-ios-helloworld" */;
			compatibilityVersion = "Xcode 8.0";
			developmentRegion = en;
			hasScannedForEncodings = 0;
			knownRegions = (
				en,
				Base,
			);
			mainGroup = 9314119F1FFA6DCB000B6F17;
			productRefGroup = 931411A91FFA6DCB000B6F17 /* Products */;
			projectDirPath = "";
			projectRoot = "";
			targets = (
				931411A71FFA6DCB000B6F17 /* ogre-ios-helloworld */,
			);
		};
/* End PBXProject section */

/* Begin PBXResourcesBuildPhase section */
		931411A61FFA6DCB000B6F17 /* Resources */ = {
			isa = PBXResourcesBuildPhase;
			buildActionMask = 2147483647;
			files = (
				931411FC1FFF5E45000B6F17 /* media in Resources */,
				931411F61FFC4A62000B6F17 /* ogre.cfg in Resources */,
				931411F71FFC4A62000B6F17 /* resources.cfg in Resources */,
				931411D31FFA6FF8000B6F17 /* README.md in Resources */,
				931411B51FFA6DCB000B6F17 /* Assets.xcassets in Resources */,
			);
			runOnlyForDeploymentPostprocessing = 0;
		};
/* End PBXResourcesBuildPhase section */

/* Begin PBXSourcesBuildPhase section */
		931411A41FFA6DCB000B6F17 /* Sources */ = {
			isa = PBXSourcesBuildPhase;
			buildActionMask = 2147483647;
			files = (
				931411BB1FFA6DCB000B6F17 /* main.m in Sources */,
				931411C61FFA6E2F000B6F17 /* OgreApplication.cpp in Sources */,
				931411CF1FFA6F3A000B6F17 /* ViewController.mm in Sources */,
				931411AD1FFA6DCB000B6F17 /* AppDelegate.m in Sources */,
				931411C51FFA6E2F000B6F17 /* OgreView.mm in Sources */,
			);
			runOnlyForDeploymentPostprocessing = 0;
		};
/* End PBXSourcesBuildPhase section */

/* Begin XCBuildConfiguration section */
		931411BC1FFA6DCB000B6F17 /* Debug */ = {
			isa = XCBuildConfiguration;
			buildSettings = {
				ALWAYS_SEARCH_USER_PATHS = NO;
				CLANG_ANALYZER_NONNULL = YES;
				CLANG_ANALYZER_NUMBER_OBJECT_CONVERSION = YES_AGGRESSIVE;
				CLANG_CXX_LANGUAGE_STANDARD = "gnu++14";
				CLANG_CXX_LIBRARY = "libc++";
				CLANG_ENABLE_MODULES = YES;
				CLANG_ENABLE_OBJC_ARC = YES;
				CLANG_WARN_BLOCK_CAPTURE_AUTORELEASING = YES;
				CLANG_WARN_BOOL_CONVERSION = YES;
				CLANG_WARN_COMMA = YES;
				CLANG_WARN_CONSTANT_CONVERSION = YES;
				CLANG_WARN_DIRECT_OBJC_ISA_USAGE = YES_ERROR;
				CLANG_WARN_DOCUMENTATION_COMMENTS = YES;
				CLANG_WARN_EMPTY_BODY = YES;
				CLANG_WARN_ENUM_CONVERSION = YES;
				CLANG_WARN_INFINITE_RECURSION = YES;
				CLANG_WARN_INT_CONVERSION = YES;
				CLANG_WARN_NON_LITERAL_NULL_CONVERSION = YES;
				CLANG_WARN_OBJC_LITERAL_CONVERSION = YES;
				CLANG_WARN_OBJC_ROOT_CLASS = YES_ERROR;
				CLANG_WARN_RANGE_LOOP_ANALYSIS = YES;
				CLANG_WARN_STRICT_PROTOTYPES = YES;
				CLANG_WARN_SUSPICIOUS_MOVE = YES;
				CLANG_WARN_UNGUARDED_AVAILABILITY = YES_AGGRESSIVE;
				CLANG_WARN_UNREACHABLE_CODE = YES;
				CLANG_WARN__DUPLICATE_METHOD_MATCH = YES;
				CODE_SIGN_IDENTITY = "iPhone Developer";
				COPY_PHASE_STRIP = NO;
				DEBUG_INFORMATION_FORMAT = dwarf;
				ENABLE_STRICT_OBJC_MSGSEND = YES;
				ENABLE_TESTABILITY = YES;
				GCC_C_LANGUAGE_STANDARD = gnu11;
				GCC_DYNAMIC_NO_PIC = NO;
				GCC_NO_COMMON_BLOCKS = YES;
				GCC_OPTIMIZATION_LEVEL = 0;
				GCC_PREPROCESSOR_DEFINITIONS = (
					"DEBUG=1",
					"$(inherited)",
				);
				GCC_WARN_64_TO_32_BIT_CONVERSION = YES;
				GCC_WARN_ABOUT_RETURN_TYPE = YES_ERROR;
				GCC_WARN_UNDECLARED_SELECTOR = YES;
				GCC_WARN_UNINITIALIZED_AUTOS = YES_AGGRESSIVE;
				GCC_WARN_UNUSED_FUNCTION = YES;
				GCC_WARN_UNUSED_VARIABLE = YES;
				IPHONEOS_DEPLOYMENT_TARGET = 11.2;
				MTL_ENABLE_DEBUG_INFO = YES;
				ONLY_ACTIVE_ARCH = YES;
				SDKROOT = iphoneos;
			};
			name = Debug;
		};
		931411BD1FFA6DCB000B6F17 /* Release */ = {
			isa = XCBuildConfiguration;
			buildSettings = {
				ALWAYS_SEARCH_USER_PATHS = NO;
				CLANG_ANALYZER_NONNULL = YES;
				CLANG_ANALYZER_NUMBER_OBJECT_CONVERSION = YES_AGGRESSIVE;
				CLANG_CXX_LANGUAGE_STANDARD = "gnu++14";
				CLANG_CXX_LIBRARY = "libc++";
				CLANG_ENABLE_MODULES = YES;
				CLANG_ENABLE_OBJC_ARC = YES;
				CLANG_WARN_BLOCK_CAPTURE_AUTORELEASING = YES;
				CLANG_WARN_BOOL_CONVERSION = YES;
				CLANG_WARN_COMMA = YES;
				CLANG_WARN_CONSTANT_CONVERSION = YES;
				CLANG_WARN_DIRECT_OBJC_ISA_USAGE = YES_ERROR;
				CLANG_WARN_DOCUMENTATION_COMMENTS = YES;
				CLANG_WARN_EMPTY_BODY = YES;
				CLANG_WARN_ENUM_CONVERSION = YES;
				CLANG_WARN_INFINITE_RECURSION = YES;
				CLANG_WARN_INT_CONVERSION = YES;
				CLANG_WARN_NON_LITERAL_NULL_CONVERSION = YES;
				CLANG_WARN_OBJC_LITERAL_CONVERSION = YES;
				CLANG_WARN_OBJC_ROOT_CLASS = YES_ERROR;
				CLANG_WARN_RANGE_LOOP_ANALYSIS = YES;
				CLANG_WARN_STRICT_PROTOTYPES = YES;
				CLANG_WARN_SUSPICIOUS_MOVE = YES;
				CLANG_WARN_UNGUARDED_AVAILABILITY = YES_AGGRESSIVE;
				CLANG_WARN_UNREACHABLE_CODE = YES;
				CLANG_WARN__DUPLICATE_METHOD_MATCH = YES;
				CODE_SIGN_IDENTITY = "iPhone Developer";
				COPY_PHASE_STRIP = NO;
				DEBUG_INFORMATION_FORMAT = "dwarf-with-dsym";
				ENABLE_NS_ASSERTIONS = NO;
				ENABLE_STRICT_OBJC_MSGSEND = YES;
				GCC_C_LANGUAGE_STANDARD = gnu11;
				GCC_NO_COMMON_BLOCKS = YES;
				GCC_WARN_64_TO_32_BIT_CONVERSION = YES;
				GCC_WARN_ABOUT_RETURN_TYPE = YES_ERROR;
				GCC_WARN_UNDECLARED_SELECTOR = YES;
				GCC_WARN_UNINITIALIZED_AUTOS = YES_AGGRESSIVE;
				GCC_WARN_UNUSED_FUNCTION = YES;
				GCC_WARN_UNUSED_VARIABLE = YES;
				IPHONEOS_DEPLOYMENT_TARGET = 11.2;
				MTL_ENABLE_DEBUG_INFO = NO;
				SDKROOT = iphoneos;
				VALIDATE_PRODUCT = YES;
			};
			name = Release;
		};
		931411BF1FFA6DCB000B6F17 /* Debug */ = {
			isa = XCBuildConfiguration;
			buildSettings = {
				ASSETCATALOG_COMPILER_APPICON_NAME = AppIcon;
				CODE_SIGN_STYLE = Automatic;
				HEADER_SEARCH_PATHS = (
					"$(OGRE_SDK_ROOT)/OgreMain/include",
					"$(OGRE_SDK_ROOT)/include",
					"$(OGRE_SDK_ROOT)/OgreMain/include/iOS",
					"$(OGRE_SDK_ROOT)/Components/Bites/include",
					"$(OGRE_SDK_ROOT)/Components/RTShaderSystem/include",
					"$(OGRE_SDK_ROOT)/ZZIPlib-master",
				);
				INFOPLIST_FILE = "ogre-ios-helloworld/Info.plist";
				LD_RUNPATH_SEARCH_PATHS = "$(inherited) @executable_path/Frameworks";
				LIBRARY_SEARCH_PATHS = "$(OGRE_SDK_ROOT)/lib/$(PLATFORM_NAME)/Debug";
				OGRE_SDK_ROOT = "/Users/aphcoder/ogre/ogre-1.10.11";
				PRODUCT_BUNDLE_IDENTIFIER = "com.aphcoder.ogre-ios-helloworld";
				PRODUCT_NAME = "$(TARGET_NAME)";
				TARGETED_DEVICE_FAMILY = "1,2";
			};
			name = Debug;
		};
		931411C01FFA6DCB000B6F17 /* Release */ = {
			isa = XCBuildConfiguration;
			buildSettings = {
				ASSETCATALOG_COMPILER_APPICON_NAME = AppIcon;
				CODE_SIGN_STYLE = Automatic;
				HEADER_SEARCH_PATHS = (
					"$(OGRE_SDK_ROOT)/OgreMain/include",
					"$(OGRE_SDK_ROOT)/include",
					"$(OGRE_SDK_ROOT)/OgreMain/include/iOS",
					"$(OGRE_SDK_ROOT)/Components/Bites/include",
					"$(OGRE_SDK_ROOT)/Components/RTShaderSystem/include",
					"$(OGRE_SDK_ROOT)/ZZIPlib-master",
				);
				INFOPLIST_FILE = "ogre-ios-helloworld/Info.plist";
				LD_RUNPATH_SEARCH_PATHS = "$(inherited) @executable_path/Frameworks";
				LIBRARY_SEARCH_PATHS = "$(OGRE_SDK_ROOT)/lib/$(PLATFORM_NAME)/Debug";
				OGRE_SDK_ROOT = "/Users/aphcoder/ogre/ogre-1.10.11";
				PRODUCT_BUNDLE_IDENTIFIER = "com.aphcoder.ogre-ios-helloworld";
				PRODUCT_NAME = "$(TARGET_NAME)";
				TARGETED_DEVICE_FAMILY = "1,2";
			};
			name = Release;
		};
/* End XCBuildConfiguration section */

/* Begin XCConfigurationList section */
		931411A31FFA6DCB000B6F17 /* Build configuration list for PBXProject "ogre-ios-helloworld" */ = {
			isa = XCConfigurationList;
			buildConfigurations = (
				931411BC1FFA6DCB000B6F17 /* Debug */,
				931411BD1FFA6DCB000B6F17 /* Release */,
			);
			defaultConfigurationIsVisible = 0;
			defaultConfigurationName = Release;
		};
		931411BE1FFA6DCB000B6F17 /* Build configuration list for PBXNativeTarget "ogre-ios-helloworld" */ = {
			isa = XCConfigurationList;
			buildConfigurations = (
				931411BF1FFA6DCB000B6F17 /* Debug */,
				931411C01FFA6DCB000B6F17 /* Release */,
			);
			defaultConfigurationIsVisible = 0;
			defaultConfigurationName = Release;
		};
/* End XCConfigurationList section */
	};
	rootObject = 931411A01FFA6DCB000B6F17 /* Project object */;
}
